
Microsoft Visual Studio Solution File, Format Version 12.00
# Visual Studio Version 17
VisualStudioVersion = 17.11.35312.102
MinimumVisualStudioVersion = 10.0.40219.1
Project("{FAE04EC0-301F-11D3-BF4B-00C04F79EFBC}") = "MyWebApp", "MyWebApp\MyWebApp.csproj", "{01733D6F-586D-46E9-9B46-B03124AFB9FB}"
EndProject
Global
	GlobalSection(SolutionConfigurationPlatforms) = preSolution
		Debug|Any CPU = Debug|Any CPU
		Release|Any CPU = Release|Any CPU
	EndGlobalSection
	GlobalSection(ProjectConfigurationPlatforms) = postSolution
		{01733D6F-586D-46E9-9B46-B03124AFB9FB}.Debug|Any CPU.ActiveCfg = Debug|Any CPU
		{01733D6F-586D-46E9-9B46-B03124AFB9FB}.Debug|Any CPU.Build.0 = Debug|Any CPU
		{01733D6F-586D-46E9-9B46-B03124AFB9FB}.Release|Any CPU.ActiveCfg = Release|Any CPU
		{01733D6F-586D-46E9-9B46-B03124AFB9FB}.Release|Any CPU.Build.0 = Release|Any CPU
	EndGlobalSection
	GlobalSection(SolutionProperties) = preSolution
		HideSolutionNode = FALSE
	EndGlobalSection
	GlobalSection(ExtensibilityGlobals) = postSolution
		SolutionGuid = {B8065371-F4F8-44A1-B13F-B190F20BA1BC}
	EndGlobalSection
EndGlobal
